
Microsoft Visual Studio Solution File, Format Version 12.00
# Visual Studio 15
VisualStudioVersion = 15.0.28010.2046
MinimumVisualStudioVersion = 10.0.40219.1
Project("{FAE04EC0-301F-11D3-BF4B-00C04F79EFBC}") = "MvcMovie", "MvcMovie\MvcMovie.csproj", "{FB8F478E-9343-4D99-8AFD-2A09BEA75C44}"
EndProject
Global
	GlobalSection(SolutionConfigurationPlatforms) = preSolution
		Debug|Any CPU = Debug|Any CPU
		Release|Any CPU = Release|Any CPU
	EndGlobalSection
	GlobalSection(ProjectConfigurationPlatforms) = postSolution
		{FB8F478E-9343-4D99-8AFD-2A09BEA75C44}.Debug|Any CPU.ActiveCfg = Debug|Any CPU
		{FB8F478E-9343-4D99-8AFD-2A09BEA75C44}.Debug|Any CPU.Build.0 = Debug|Any CPU
		{FB8F478E-9343-4D99-8AFD-2A09BEA75C44}.Release|Any CPU.ActiveCfg = Release|Any CPU
		{FB8F478E-9343-4D99-8AFD-2A09BEA75C44}.Release|Any CPU.Build.0 = Release|Any CPU
	EndGlobalSection
	GlobalSection(SolutionProperties) = preSolution
		HideSolutionNode = FALSE
	EndGlobalSection
	GlobalSection(ExtensibilityGlobals) = postSolution
		SolutionGuid = {4B89E382-AE78-4D40-9FD4-3CFBA1AC930E}
	EndGlobalSection
EndGlobal
